GEM
  remote: https://rubygems.org/
  specs:
    asciidoctor (2.0.26)
    asciidoctor-diagram (3.2.1)
      asciidoctor (>= 1.5.7, < 3.x)
      rexml
    asciidoctor-diagram-batik (1.19)
    asciidoctor-diagram-plantuml (1.2026.2)
      asciidoctor-diagram (~> 3.2, >= 3.2.1)
      asciidoctor-diagram-batik (~> 1.17)
    asciidoctor-revealjs (5.2.0)
      asciidoctor (>= 2.0.0, < 3.0.0)
    rexml (3.4.4)

PLATFORMS
  ruby
  x86_64-linux

DEPENDENCIES
  asciidoctor-diagram (~> 3.0)
  asciidoctor-diagram-plantuml
  asciidoctor-revealjs (~> 5.2)

CHECKSUMS
  asciidoctor (2.0.26) sha256=16e3accf1fc206bbd6335848649d7fd65f31d2daa60d85af13d47a8ee4b071c1
  asciidoctor-diagram (3.2.1) sha256=e432d051f2a627f7846a22b7beb1f6c8bb392f49ee07e2cb73be2611242a6684
  asciidoctor-diagram-batik (1.19) sha256=d16df4143913fd2e167ec83e3bac4fcc4b1e57f575fe44189a7532fa6ffa59ca
  asciidoctor-diagram-plantuml (1.2026.2) sha256=06d30ded2dfab8b1454e29e4ceed919a0de0a896c81e15dd655e4b70b5ca3c2f
  asciidoctor-revealjs (5.2.0) sha256=3504a5e7eaf2c91de37f96189314ffb1e6bf94dad9d646d5c9a24c6691bf6ae2
  rexml (3.4.4) sha256=19e0a2c3425dfbf2d4fc1189747bdb2f849b6c5e74180401b15734bc97b5d142

BUNDLED WITH
  4.0.7
